Microsoft Visual Studio Solution File, Format Version 12.00
# Visual Studio Version 17
VisualStudioVersion = 17.0.31903.59
MinimumVisualStudioVersion = 10.0.40219.1
Project("{FAE04EC0-301F-11D3-BF4B-00C04F79EFBC}") = "SelfishNet", "SelfishNet\SelfishNet.csproj", "{8B26322C-4A2D-4B44-A7BC-4B4BC8F84984}"
EndProject
Project("{FAE04EC0-301F-11D3-BF4B-00C04F79EFBC}") = "SelfishNet.Tests", "tests\SelfishNet.Tests\SelfishNet.Tests.csproj", "{4C83602D-981F-433E-BDC7-CA7BB147E68A}"
EndProject
Global
	GlobalSection(SolutionConfigurationPlatforms) = preSolution
		Debug|Any CPU = Debug|Any CPU
		Release|Any CPU = Release|Any CPU
	EndGlobalSection
	GlobalSection(ProjectConfigurationPlatforms) = postSolution
		{8B26322C-4A2D-4B44-A7BC-4B4BC8F84984}.Debug|Any CPU.ActiveCfg = Debug|Any CPU
		{8B26322C-4A2D-4B44-A7BC-4B4BC8F84984}.Debug|Any CPU.Build.0 = Debug|Any CPU
		{8B26322C-4A2D-4B44-A7BC-4B4BC8F84984}.Release|Any CPU.ActiveCfg = Release|Any CPU
		{8B26322C-4A2D-4B44-A7BC-4B4BC8F84984}.Release|Any CPU.Build.0 = Release|Any CPU
		{4C83602D-981F-433E-BDC7-CA7BB147E68A}.Debug|Any CPU.ActiveCfg = Debug|Any CPU
		{4C83602D-981F-433E-BDC7-CA7BB147E68A}.Debug|Any CPU.Build.0 = Debug|Any CPU
		{4C83602D-981F-433E-BDC7-CA7BB147E68A}.Release|Any CPU.ActiveCfg = Release|Any CPU
		{4C83602D-981F-433E-BDC7-CA7BB147E68A}.Release|Any CPU.Build.0 = Release|Any CPU
	EndGlobalSection
	GlobalSection(SolutionProperties) = preSolution
		HideSolutionNode = FALSE
	EndGlobalSection
EndGlobal

